
Microsoft Visual Studio Solution File, Format Version 12.00
# Visual Studio Version 17
VisualStudioVersion = 17.3.32901.215
MinimumVisualStudioVersion = 10.0.40219.1
Project("{9A19103F-16F7-4668-BE54-9A1E7A4F7556}") = "CA3_X00161834", "CA3_X00161834\CA3_X00161834.csproj", "{CE6671F9-B738-4AC8-8724-497FC0D97F03}"
EndProject
Project("{FAE04EC0-301F-11D3-BF4B-00C04F79EFBC}") = "TEST_FOR_CA3", "TEST_FOR_CA3\TEST_FOR_CA3.csproj", "{3DD8D1B2-C15B-4666-ADA0-C1BE4E160081}"
EndProject
Global
	GlobalSection(SolutionConfigurationPlatforms) = preSolution
		Debug|Any CPU = Debug|Any CPU
		Release|Any CPU = Release|Any CPU
	EndGlobalSection
	GlobalSection(ProjectConfigurationPlatforms) = postSolution
		{CE6671F9-B738-4AC8-8724-497FC0D97F03}.Debug|Any CPU.ActiveCfg = Debug|Any CPU
		{CE6671F9-B738-4AC8-8724-497FC0D97F03}.Debug|Any CPU.Build.0 = Debug|Any CPU
		{CE6671F9-B738-4AC8-8724-497FC0D97F03}.Release|Any CPU.ActiveCfg = Release|Any CPU
		{CE6671F9-B738-4AC8-8724-497FC0D97F03}.Release|Any CPU.Build.0 = Release|Any CPU
		{3DD8D1B2-C15B-4666-ADA0-C1BE4E160081}.Debug|Any CPU.ActiveCfg = Debug|Any CPU
		{3DD8D1B2-C15B-4666-ADA0-C1BE4E160081}.Debug|Any CPU.Build.0 = Debug|Any CPU
		{3DD8D1B2-C15B-4666-ADA0-C1BE4E160081}.Release|Any CPU.ActiveCfg = Release|Any CPU
		{3DD8D1B2-C15B-4666-ADA0-C1BE4E160081}.Release|Any CPU.Build.0 = Release|Any CPU
	EndGlobalSection
	GlobalSection(SolutionProperties) = preSolution
		HideSolutionNode = FALSE
	EndGlobalSection
	GlobalSection(ExtensibilityGlobals) = postSolution
		SolutionGuid = {9687456A-468F-44CE-BED1-2018FCA4F370}
	EndGlobalSection
EndGlobal
